
Microsoft Visual Studio Solution File, Format Version 12.00
Project("{FAE04EC0-301F-11D3-BF4B-00C04F79EFBC}") = "BrewBridge", "BrewBridge.csproj", "{EAA06AD1-04BD-40A5-BF7D-D949B09BD30F}"
EndProject
Global
	GlobalSection(SolutionConfigurationPlatforms) = preSolution
		Debug|Any CPU = Debug|Any CPU
		Release|Any CPU = Release|Any CPU
	EndGlobalSection
	GlobalSection(ProjectConfigurationPlatforms) = postSolution
		{EAA06AD1-04BD-40A5-BF7D-D949B09BD30F}.Debug|Any CPU.ActiveCfg = Debug|Any CPU
		{EAA06AD1-04BD-40A5-BF7D-D949B09BD30F}.Debug|Any CPU.Build.0 = Debug|Any CPU
		{EAA06AD1-04BD-40A5-BF7D-D949B09BD30F}.Release|Any CPU.ActiveCfg = Release|Any CPU
		{EAA06AD1-04BD-40A5-BF7D-D949B09BD30F}.Release|Any CPU.Build.0 = Release|Any CPU
	EndGlobalSection
EndGlobal
